
Microsoft Visual Studio Solution File, Format Version 12.00
# Visual Studio Version 16
VisualStudioVersion = 16.0.29230.47
MinimumVisualStudioVersion = 10.0.40219.1
Project("{FAE04EC0-301F-11D3-BF4B-00C04F79EFBC}") = "EntityFramework", "EntityFramework\EntityFramework.csproj", "{065EB405-3546-408D-9BA0-610BE6E2E656}"
EndProject
Project("{FAE04EC0-301F-11D3-BF4B-00C04F79EFBC}") = "EntityFrame", "EntityFrame\EntityFrame.csproj", "{C90DFCEE-A10D-480B-AC58-3330B424C315}"
EndProject
Global
	GlobalSection(SolutionConfigurationPlatforms) = preSolution
		Debug|Any CPU = Debug|Any CPU
		Release|Any CPU = Release|Any CPU
	EndGlobalSection
	GlobalSection(ProjectConfigurationPlatforms) = postSolution
		{065EB405-3546-408D-9BA0-610BE6E2E656}.Debug|Any CPU.ActiveCfg = Debug|Any CPU
		{065EB405-3546-408D-9BA0-610BE6E2E656}.Debug|Any CPU.Build.0 = Debug|Any CPU
		{065EB405-3546-408D-9BA0-610BE6E2E656}.Release|Any CPU.ActiveCfg = Release|Any CPU
		{065EB405-3546-408D-9BA0-610BE6E2E656}.Release|Any CPU.Build.0 = Release|Any CPU
		{C90DFCEE-A10D-480B-AC58-3330B424C315}.Debug|Any CPU.ActiveCfg = Debug|Any CPU
		{C90DFCEE-A10D-480B-AC58-3330B424C315}.Debug|Any CPU.Build.0 = Debug|Any CPU
		{C90DFCEE-A10D-480B-AC58-3330B424C315}.Release|Any CPU.ActiveCfg = Release|Any CPU
		{C90DFCEE-A10D-480B-AC58-3330B424C315}.Release|Any CPU.Build.0 = Release|Any CPU
	EndGlobalSection
	GlobalSection(SolutionProperties) = preSolution
		HideSolutionNode = FALSE
	EndGlobalSection
	GlobalSection(ExtensibilityGlobals) = postSolution
		SolutionGuid = {8AE28334-30FD-4EE0-835F-73900114333A}
	EndGlobalSection
EndGlobal
